{
    "name": "stylelint-formatter-azure-devops",
    "version": "0.0.1",
    "lockfileVersion": 3,
    "requires": true,
    "packages": {
        "": {
            "name": "stylelint-formatter-azure-devops",
            "version": "0.0.1",
            "license": "MIT",
            "devDependencies": {
                "@tsconfig/node-lts": "^18.12.1",
                "typescript": "^4.9.4"
            }
        },
        "node_modules/@tsconfig/node-lts": {
            "version": "18.12.1",
            "resolved": "https://registry.npmjs.org/@tsconfig/node-lts/-/node-lts-18.12.1.tgz",
            "integrity": "sha512-UkIaMWDwJ+qJX/os8lzYh7m47qQJY7sIp1WZiEStASrpzczp27+jA0fJES+IjnS2OlDDLeBghNrVkKw8iYIRdA==",
            "dev": true
        },
        "node_modules/typescript": {
            "version": "4.9.4",
            "resolved": "https://registry.npmjs.org/typescript/-/typescript-4.9.4.tgz",
            "integrity": "sha512-Uz+dTXYzxXXbsFpM86Wh3dKCxrQqUcVMxwU54orwlJjOpO3ao8L7j5lH+dWfTwgCwIuM9GQ2kvVotzYJMXTBZg==",
            "dev": true,
            "bin": {
                "tsc": "bin/tsc",
                "tsserver": "bin/tsserver"
            },
            "engines": {
                "node": ">=4.2.0"
            }
        }
    }
}
